
Microsoft Visual Studio Solution File, Format Version 12.00
# Visual Studio Version 17
VisualStudioVersion = 17.11.35431.28
MinimumVisualStudioVersion = 10.0.40219.1
Project("{FAE04EC0-301F-11D3-BF4B-00C04F79EFBC}") = "BiliExtract", "BiliExtract\BiliExtract.csproj", "{1B18D30C-1BAD-4EB8-8BDA-D55065FFFA55}"
EndProject
Project("{FAE04EC0-301F-11D3-BF4B-00C04F79EFBC}") = "BiliExtract.Lib", "BiliExtract.Lib\BiliExtract.Lib.csproj", "{89ACD8AD-B05E-4E7C-9E55-9BF6C47B6857}"
EndProject
Global
	GlobalSection(SolutionConfigurationPlatforms) = preSolution
		Debug|Any CPU = Debug|Any CPU
		Release|Any CPU = Release|Any CPU
	EndGlobalSection
	GlobalSection(ProjectConfigurationPlatforms) = postSolution
		{1B18D30C-1BAD-4EB8-8BDA-D55065FFFA55}.Debug|Any CPU.ActiveCfg = Debug|Any CPU
		{1B18D30C-1BAD-4EB8-8BDA-D55065FFFA55}.Debug|Any CPU.Build.0 = Debug|Any CPU
		{1B18D30C-1BAD-4EB8-8BDA-D55065FFFA55}.Release|Any CPU.ActiveCfg = Release|Any CPU
		{1B18D30C-1BAD-4EB8-8BDA-D55065FFFA55}.Release|Any CPU.Build.0 = Release|Any CPU
		{89ACD8AD-B05E-4E7C-9E55-9BF6C47B6857}.Debug|Any CPU.ActiveCfg = Debug|Any CPU
		{89ACD8AD-B05E-4E7C-9E55-9BF6C47B6857}.Debug|Any CPU.Build.0 = Debug|Any CPU
		{89ACD8AD-B05E-4E7C-9E55-9BF6C47B6857}.Release|Any CPU.ActiveCfg = Release|Any CPU
		{89ACD8AD-B05E-4E7C-9E55-9BF6C47B6857}.Release|Any CPU.Build.0 = Release|Any CPU
	EndGlobalSection
	GlobalSection(SolutionProperties) = preSolution
		HideSolutionNode = FALSE
	EndGlobalSection
	GlobalSection(ExtensibilityGlobals) = postSolution
		SolutionGuid = {1A914135-0B9E-404C-ABB2-B80458D5F2A5}
	EndGlobalSection
EndGlobal
